
Microsoft Visual Studio Solution File, Format Version 12.00
# Visual Studio 15
Project("{FAE04EC0-301F-11D3-BF4B-00C04F79EFBC}") = "Assembly-CSharp", "Assembly-CSharp.csproj", "{34428BD3-7836-922F-79AD-3AE248858022}"
EndProject
Project("{FAE04EC0-301F-11D3-BF4B-00C04F79EFBC}") = "Assembly-CSharp-firstpass", "Assembly-CSharp-firstpass.csproj", "{2BD44AE5-9D11-059F-BD53-A2E6F412AEC7}"
EndProject
Project("{FAE04EC0-301F-11D3-BF4B-00C04F79EFBC}") = "Assembly-CSharp-Editor", "Assembly-CSharp-Editor.csproj", "{B817E290-D5E0-4704-76AD-87449226991D}"
EndProject
Project("{FAE04EC0-301F-11D3-BF4B-00C04F79EFBC}") = "Assembly-CSharp-Editor-firstpass", "Assembly-CSharp-Editor-firstpass.csproj", "{9463728B-C9E3-CFBA-5FFE-0B96D94B95D0}"
EndProject
Global
	GlobalSection(SolutionConfigurationPlatforms) = preSolution
		Debug|Any CPU = Debug|Any CPU
		Release|Any CPU = Release|Any CPU
	EndGlobalSection
	GlobalSection(ProjectConfigurationPlatforms) = postSolution
		{34428BD3-7836-922F-79AD-3AE248858022}.Debug|Any CPU.ActiveCfg = Debug|Any CPU
		{34428BD3-7836-922F-79AD-3AE248858022}.Debug|Any CPU.Build.0 = Debug|Any CPU
		{34428BD3-7836-922F-79AD-3AE248858022}.Release|Any CPU.ActiveCfg = Release|Any CPU
		{34428BD3-7836-922F-79AD-3AE248858022}.Release|Any CPU.Build.0 = Release|Any CPU
		{2BD44AE5-9D11-059F-BD53-A2E6F412AEC7}.Debug|Any CPU.ActiveCfg = Debug|Any CPU
		{2BD44AE5-9D11-059F-BD53-A2E6F412AEC7}.Debug|Any CPU.Build.0 = Debug|Any CPU
		{2BD44AE5-9D11-059F-BD53-A2E6F412AEC7}.Release|Any CPU.ActiveCfg = Release|Any CPU
		{2BD44AE5-9D11-059F-BD53-A2E6F412AEC7}.Release|Any CPU.Build.0 = Release|Any CPU
		{B817E290-D5E0-4704-76AD-87449226991D}.Debug|Any CPU.ActiveCfg = Debug|Any CPU
		{B817E290-D5E0-4704-76AD-87449226991D}.Debug|Any CPU.Build.0 = Debug|Any CPU
		{B817E290-D5E0-4704-76AD-87449226991D}.Release|Any CPU.ActiveCfg = Release|Any CPU
		{B817E290-D5E0-4704-76AD-87449226991D}.Release|Any CPU.Build.0 = Release|Any CPU
		{9463728B-C9E3-CFBA-5FFE-0B96D94B95D0}.Debug|Any CPU.ActiveCfg = Debug|Any CPU
		{9463728B-C9E3-CFBA-5FFE-0B96D94B95D0}.Debug|Any CPU.Build.0 = Debug|Any CPU
		{9463728B-C9E3-CFBA-5FFE-0B96D94B95D0}.Release|Any CPU.ActiveCfg = Release|Any CPU
		{9463728B-C9E3-CFBA-5FFE-0B96D94B95D0}.Release|Any CPU.Build.0 = Release|Any CPU
	EndGlobalSection
	GlobalSection(SolutionProperties) = preSolution
		HideSolutionNode = FALSE
	EndGlobalSection
EndGlobal
